{
  "name": "sendingmails",
  "version": "1.0.0",
  "lockfileVersion": 1,
  "requires": true,
  "dependencies": {
    "@types/node": {
      "version": "18.7.13",
      "resolved": "https://registry.npmjs.org/@types/node/-/node-18.7.13.tgz",
      "integrity": "sha512-46yIhxSe5xEaJZXWdIBP7GU4HDTG8/eo0qd9atdiL+lFpA03y8KS+lkTN834TWJj5767GbWv4n/P6efyTFt1Dw==",
      "dev": true
    },
    "nodemailer": {
      "version": "6.7.8",
      "resolved": "https://registry.npmjs.org/nodemailer/-/nodemailer-6.7.8.tgz",
      "integrity": "sha512-2zaTFGqZixVmTxpJRCFC+Vk5eGRd/fYtvIR+dl5u9QXLTQWGIf48x/JXvo58g9sa0bU6To04XUv554Paykum3g=="
    }
  }
}
